
Microsoft Visual Studio Solution File, Format Version 12.00
# Visual Studio Version 16
VisualStudioVersion = 16.0.29806.167
MinimumVisualStudioVersion = 10.0.40219.1
Project("{FAE04EC0-301F-11D3-BF4B-00C04F79EFBC}") = "Первая попытка С1", "Первая попытка С1.csproj", "{BEAFAFAB-3A9A-4F19-B7F1-988A42DFF876}"
EndProject
Global
	GlobalSection(SolutionConfigurationPlatforms) = preSolution
		Debug|Any CPU = Debug|Any CPU
		Release|Any CPU = Release|Any CPU
	EndGlobalSection
	GlobalSection(ProjectConfigurationPlatforms) = postSolution
		{BEAFAFAB-3A9A-4F19-B7F1-988A42DFF876}.Debug|Any CPU.ActiveCfg = Debug|Any CPU
		{BEAFAFAB-3A9A-4F19-B7F1-988A42DFF876}.Debug|Any CPU.Build.0 = Debug|Any CPU
		{BEAFAFAB-3A9A-4F19-B7F1-988A42DFF876}.Release|Any CPU.ActiveCfg = Release|Any CPU
		{BEAFAFAB-3A9A-4F19-B7F1-988A42DFF876}.Release|Any CPU.Build.0 = Release|Any CPU
	EndGlobalSection
	GlobalSection(SolutionProperties) = preSolution
		HideSolutionNode = FALSE
	EndGlobalSection
	GlobalSection(ExtensibilityGlobals) = postSolution
		SolutionGuid = {F292A9F9-1B37-431B-9854-014F64152911}
	EndGlobalSection
EndGlobal
